
Microsoft Visual Studio Solution File, Format Version 12.00
# Visual Studio Version 17
VisualStudioVersion = 17.5.002.0
MinimumVisualStudioVersion = 10.0.40219.1
Project("{2150E333-8FDC-42A3-9474-1A3956D46DE8}") = "az-ai-vision", "az-ai-vision", "{98C7A309-1272-49DD-9F1B-D4A0A85C234A}"
EndProject
Project("{2150E333-8FDC-42A3-9474-1A3956D46DE8}") = "REST", "REST", "{20173776-196D-47D5-8264-2383C8763327}"
EndProject
Project("{9A19103F-16F7-4668-BE54-9A1E7A4F7556}") = "cs", "az-ai-vision\REST\cs\cs.csproj", "{1BEEE6B5-F975-4D3E-AA3C-D8F1BCC834ED}"
EndProject
Global
	GlobalSection(SolutionConfigurationPlatforms) = preSolution
		Debug|Any CPU = Debug|Any CPU
		Release|Any CPU = Release|Any CPU
	EndGlobalSection
	GlobalSection(ProjectConfigurationPlatforms) = postSolution
		{1BEEE6B5-F975-4D3E-AA3C-D8F1BCC834ED}.Debug|Any CPU.ActiveCfg = Debug|Any CPU
		{1BEEE6B5-F975-4D3E-AA3C-D8F1BCC834ED}.Debug|Any CPU.Build.0 = Debug|Any CPU
		{1BEEE6B5-F975-4D3E-AA3C-D8F1BCC834ED}.Release|Any CPU.ActiveCfg = Release|Any CPU
		{1BEEE6B5-F975-4D3E-AA3C-D8F1BCC834ED}.Release|Any CPU.Build.0 = Release|Any CPU
	EndGlobalSection
	GlobalSection(SolutionProperties) = preSolution
		HideSolutionNode = FALSE
	EndGlobalSection
	GlobalSection(NestedProjects) = preSolution
		{20173776-196D-47D5-8264-2383C8763327} = {98C7A309-1272-49DD-9F1B-D4A0A85C234A}
		{1BEEE6B5-F975-4D3E-AA3C-D8F1BCC834ED} = {20173776-196D-47D5-8264-2383C8763327}
	EndGlobalSection
	GlobalSection(ExtensibilityGlobals) = postSolution
		SolutionGuid = {946C96B0-A644-47BD-AD63-A91047598EFB}
	EndGlobalSection
EndGlobal
